
Microsoft Visual Studio Solution File, Format Version 12.00
# Visual Studio Version 16
VisualStudioVersion = 16.0.34114.132
MinimumVisualStudioVersion = 10.0.40219.1
Project("{FAE04EC0-301F-11D3-BF4B-00C04F79EFBC}") = "DummyProject", "DummyProject\DummyProject.csproj", "{F16EF434-3544-4B33-8905-126966B26EA1}"
EndProject
Global
	GlobalSection(SolutionConfigurationPlatforms) = preSolution
		Debug|Any CPU = Debug|Any CPU
		Release|Any CPU = Release|Any CPU
	EndGlobalSection
	GlobalSection(ProjectConfigurationPlatforms) = postSolution
		{F16EF434-3544-4B33-8905-126966B26EA1}.Debug|Any CPU.ActiveCfg = Debug|Any CPU
		{F16EF434-3544-4B33-8905-126966B26EA1}.Debug|Any CPU.Build.0 = Debug|Any CPU
		{F16EF434-3544-4B33-8905-126966B26EA1}.Release|Any CPU.ActiveCfg = Release|Any CPU
		{F16EF434-3544-4B33-8905-126966B26EA1}.Release|Any CPU.Build.0 = Release|Any CPU
	EndGlobalSection
	GlobalSection(SolutionProperties) = preSolution
		HideSolutionNode = FALSE
	EndGlobalSection
	GlobalSection(ExtensibilityGlobals) = postSolution
		SolutionGuid = {D86EF48E-3F08-4C7E-9CFC-87FD4948CD77}
	EndGlobalSection
EndGlobal
